# THIS IS AN AUTOGENERATED FILE. DO NOT EDIT THIS FILE DIRECTLY.
# yarn lockfile v1


"@uirouter/core@6.0.1":
  version "6.0.1"
  resolved "https://registry.yarnpkg.com/@uirouter/core/-/core-6.0.1.tgz#93b02a5d178a7ab7313f34b7b3f019a000d23396"
  integrity sha512-mHCutiHtDDRKYmrJ92XPKDoSb2bgqaDyUpHdF4hUE+riwgkCvGdBjL8u+VDTcV3slBAk6B0LBIOIajjWkkObbQ==

angular-animate@^1.7.8:
  version "1.7.8"
  resolved "https://registry.yarnpkg.com/angular-animate/-/angular-animate-1.7.8.tgz#c95f237efe7ecfe0e6003adb5e2c7ef0e5a2b9d4"
  integrity sha512-bINtzizq7TbJzfVrDpwLfTxVl0Qd7fRNWFb5jKYI1vaFZobQNX/QONXlLow6ySsDbZ6eLECycB7mvWtfh1YYaw==

angular-aria@^1.7.8:
  version "1.7.8"
  resolved "https://registry.yarnpkg.com/angular-aria/-/angular-aria-1.7.8.tgz#3954250ef516b57cdd3cdf41ff4ee6fcfdc84ceb"
  integrity sha512-facq/111sZKL2wUUqRA1GnGt+lZ8KAcX9Aw04cNA+OyEkoaoRC77NY4VSOTQxghlSd0OPAdLeFnmETnuiWrpLg==

angular-material-icons@^0.7.1:
  version "0.7.1"
  resolved "https://registry.yarnpkg.com/angular-material-icons/-/angular-material-icons-0.7.1.tgz#e5eab4853b61c331f58f9e7e6e54b6e1d65e4f9b"
  integrity sha1-5eq0hTthwzH1j55+blS24dZeT5s=
  dependencies:
    angular ">=1.3.0"

angular-material@^1.1.20:
  version "1.1.20"
  resolved "https://registry.yarnpkg.com/angular-material/-/angular-material-1.1.20.tgz#138def4a4f3982fddfa7788c9775e663f12cba85"
  integrity sha512-R2jILX9g7AVvEZbIMqEp8mkjlH/iSrDG150pCSzL7+6PHdi4dYuyXNRtYlpYKe+72Q4fIV4YBYSxepNob3hU9A==

angular-messages@^1.7.8:
  version "1.7.8"
  resolved "https://registry.yarnpkg.com/angular-messages/-/angular-messages-1.7.8.tgz#746da9c955f855ef6ceac34b2a5eb8b1b12e6a78"
  integrity sha512-e7Oq4ugdTcAp4kLP9TNOh6mfSsYO2Uwf7NavLuNWqahDGRHYXilo2gcI/vxmFjPBOwAmreXrhYlpGLlJdzxfQg==

angular-simple-logger@~0.1.4:
  version "0.1.7"
  resolved "https://registry.yarnpkg.com/angular-simple-logger/-/angular-simple-logger-0.1.7.tgz#4ae48e5eac0973f577845918e56d4933cf66f041"
  integrity sha1-SuSOXqwJc/V3hFkY5W1JM89m8EE=
  dependencies:
    angular "^1.2"
    debug "^2.2.0"

angular-ui-router@^1.0.23:
  version "1.0.23"
  resolved "https://registry.yarnpkg.com/angular-ui-router/-/angular-ui-router-1.0.23.tgz#c0af56dbe930faa5963cdcb133401e6744e1f9a8"
  integrity sha512-l1bzkqCtcP9CrhlFQ0vJ8pGAfwF/bxRedCO2yB3HCYdrDkf487/ZNSreYc2jR5t9rgF/6oM++ZplCcCFMxRoWg==
  dependencies:
    "@uirouter/core" "6.0.1"

angular@1.x, angular@>=1.3.0, angular@^1.2, angular@^1.7.8:
  version "1.7.8"
  resolved "https://registry.yarnpkg.com/angular/-/angular-1.7.8.tgz#b77ede272ce1b261e3be30c1451a0b346905a3c9"
  integrity sha512-wtef/y4COxM7ZVhddd7JtAAhyYObq9YXKar9tsW7558BImeVYteJiTxCKeJOL45lJ/+7B4wrAC49j8gTFYEthg==

debug@^2.2.0:
  version "2.6.9"
  resolved "https://registry.yarnpkg.com/debug/-/debug-2.6.9.tgz#5d128515df134ff327e90a4c93f4e077a536341f"
  integrity sha512-bC7ElrdJaJnPbAP+1EotYvqZsb3ecl5wi6Bfi6BJTUcNowp6cvspg0jXznRTKDjm/E7AdgFBVeAPVMNcKGsHMA==
  dependencies:
    ms "2.0.0"

leaflet@0.7.x:
  version "0.7.7"
  resolved "https://registry.yarnpkg.com/leaflet/-/leaflet-0.7.7.tgz#1e352ba54e63d076451fa363c900890cb2cf75ee"
  integrity sha1-HjUrpU5j0HZFH6NjyQCJDLLPde4=

leaflet@^1.5.1:
  version "1.5.1"
  resolved "https://registry.yarnpkg.com/leaflet/-/leaflet-1.5.1.tgz#9afb9d963d66c870066b1342e7a06f92840f46bf"
  integrity sha512-ekM9KAeG99tYisNBg0IzEywAlp0hYI5XRipsqRXyRTeuU8jcuntilpp+eFf5gaE0xubc9RuSNIVtByEKwqFV0w==

ms@2.0.0:
  version "2.0.0"
  resolved "https://registry.yarnpkg.com/ms/-/ms-2.0.0.tgz#5608aeadfc00be6c2901df5f9861788de0d597c8"
  integrity sha1-VgiurfwAvmwpAd9fmGF4jeDVl8g=

ui-leaflet@^1.0.3:
  version "1.0.3"
  resolved "https://registry.yarnpkg.com/ui-leaflet/-/ui-leaflet-1.0.3.tgz#bea43c6ac0eb8c468483cf72c5cefc34c7a37cf3"
  integrity sha1-vqQ8asDrjEaEg89yxc78NMejfPM=
  dependencies:
    angular "1.x"
    angular-simple-logger "~0.1.4"
    leaflet "0.7.x"